
Microsoft Visual Studio Solution File, Format Version 12.00
# Visual Studio Version 17
VisualStudioVersion = 17.1.32210.238
MinimumVisualStudioVersion = 10.0.40219.1
Project("{FAE04EC0-301F-11D3-BF4B-00C04F79EFBC}") = "Green", "Green\Green.csproj", "{FED0E967-4170-41B9-85E0-F1C543793892}"
EndProject
Global
	GlobalSection(SolutionConfigurationPlatforms) = preSolution
		Debug|Any CPU = Debug|Any CPU
		Release|Any CPU = Release|Any CPU
	EndGlobalSection
	GlobalSection(ProjectConfigurationPlatforms) = postSolution
		{FED0E967-4170-41B9-85E0-F1C543793892}.Debug|Any CPU.ActiveCfg = Debug|Any CPU
		{FED0E967-4170-41B9-85E0-F1C543793892}.Debug|Any CPU.Build.0 = Debug|Any CPU
		{FED0E967-4170-41B9-85E0-F1C543793892}.Release|Any CPU.ActiveCfg = Release|Any CPU
		{FED0E967-4170-41B9-85E0-F1C543793892}.Release|Any CPU.Build.0 = Release|Any CPU
	EndGlobalSection
	GlobalSection(SolutionProperties) = preSolution
		HideSolutionNode = FALSE
	EndGlobalSection
	GlobalSection(ExtensibilityGlobals) = postSolution
		SolutionGuid = {C1DB38DA-2651-49F6-9545-D1DCA23B57DE}
	EndGlobalSection
EndGlobal
